
Microsoft Visual Studio Solution File, Format Version 12.00
# Visual Studio Version 17
VisualStudioVersion = 17.1.32104.313
MinimumVisualStudioVersion = 10.0.40219.1
Project("{FAE04EC0-301F-11D3-BF4B-00C04F79EFBC}") = "XmlReaderSampleCode", "XmlReaderSampleCode\XmlReaderSampleCode.csproj", "{D48AB59A-0CAF-4E0D-B483-F03CC8C438E7}"
EndProject
Project("{FAE04EC0-301F-11D3-BF4B-00C04F79EFBC}") = "XmlHelper", "XmlHelper\XmlHelper.csproj", "{08BF0A03-CE00-4FCF-9CD5-1DDD5D389E41}"
EndProject
Project("{FAE04EC0-301F-11D3-BF4B-00C04F79EFBC}") = "Log4NetHelper", "Log4NetHelper\Log4NetHelper.csproj", "{3631C1BE-1F5D-4A9B-BC13-1DF45B6D2709}"
EndProject
Project("{FAE04EC0-301F-11D3-BF4B-00C04F79EFBC}") = "CsvHelper", "CsvHelper\CsvHelper.csproj", "{F7DDA5E5-6008-4588-A60C-48903131D17E}"
EndProject
Project("{FAE04EC0-301F-11D3-BF4B-00C04F79EFBC}") = "CreateMapSample", "CreateMapSample\CreateMapSample.csproj", "{5CF1914E-FA4F-4574-9465-709147CF7EA8}"
EndProject
Project("{FAE04EC0-301F-11D3-BF4B-00C04F79EFBC}") = "HIKROBOT", "HIKROBOT\HIKROBOT.csproj", "{FB188205-C945-4E01-809D-974663231D40}"
EndProject
Project("{FAE04EC0-301F-11D3-BF4B-00C04F79EFBC}") = "HttpHelper", "HttpHelper\HttpHelper.csproj", "{FB634D9F-5C0C-4BF4-BF3B-8B2A13919895}"
EndProject
Project("{FAE04EC0-301F-11D3-BF4B-00C04F79EFBC}") = "Common", "Common\Common.csproj", "{E56D016E-AF64-4215-99F3-B2A94CD34A18}"
EndProject
Global
	GlobalSection(SolutionConfigurationPlatforms) = preSolution
		Debug|Any CPU = Debug|Any CPU
		Release|Any CPU = Release|Any CPU
	EndGlobalSection
	GlobalSection(ProjectConfigurationPlatforms) = postSolution
		{D48AB59A-0CAF-4E0D-B483-F03CC8C438E7}.Debug|Any CPU.ActiveCfg = Debug|Any CPU
		{D48AB59A-0CAF-4E0D-B483-F03CC8C438E7}.Debug|Any CPU.Build.0 = Debug|Any CPU
		{D48AB59A-0CAF-4E0D-B483-F03CC8C438E7}.Release|Any CPU.ActiveCfg = Release|Any CPU
		{D48AB59A-0CAF-4E0D-B483-F03CC8C438E7}.Release|Any CPU.Build.0 = Release|Any CPU
		{08BF0A03-CE00-4FCF-9CD5-1DDD5D389E41}.Debug|Any CPU.ActiveCfg = Debug|Any CPU
		{08BF0A03-CE00-4FCF-9CD5-1DDD5D389E41}.Debug|Any CPU.Build.0 = Debug|Any CPU
		{08BF0A03-CE00-4FCF-9CD5-1DDD5D389E41}.Release|Any CPU.ActiveCfg = Release|Any CPU
		{08BF0A03-CE00-4FCF-9CD5-1DDD5D389E41}.Release|Any CPU.Build.0 = Release|Any CPU
		{3631C1BE-1F5D-4A9B-BC13-1DF45B6D2709}.Debug|Any CPU.ActiveCfg = Debug|Any CPU
		{3631C1BE-1F5D-4A9B-BC13-1DF45B6D2709}.Debug|Any CPU.Build.0 = Debug|Any CPU
		{3631C1BE-1F5D-4A9B-BC13-1DF45B6D2709}.Release|Any CPU.ActiveCfg = Release|Any CPU
		{3631C1BE-1F5D-4A9B-BC13-1DF45B6D2709}.Release|Any CPU.Build.0 = Release|Any CPU
		{F7DDA5E5-6008-4588-A60C-48903131D17E}.Debug|Any CPU.ActiveCfg = Debug|Any CPU
		{F7DDA5E5-6008-4588-A60C-48903131D17E}.Debug|Any CPU.Build.0 = Debug|Any CPU
		{F7DDA5E5-6008-4588-A60C-48903131D17E}.Release|Any CPU.ActiveCfg = Release|Any CPU
		{F7DDA5E5-6008-4588-A60C-48903131D17E}.Release|Any CPU.Build.0 = Release|Any CPU
		{5CF1914E-FA4F-4574-9465-709147CF7EA8}.Debug|Any CPU.ActiveCfg = Debug|Any CPU
		{5CF1914E-FA4F-4574-9465-709147CF7EA8}.Debug|Any CPU.Build.0 = Debug|Any CPU
		{5CF1914E-FA4F-4574-9465-709147CF7EA8}.Release|Any CPU.ActiveCfg = Release|Any CPU
		{5CF1914E-FA4F-4574-9465-709147CF7EA8}.Release|Any CPU.Build.0 = Release|Any CPU
		{FB188205-C945-4E01-809D-974663231D40}.Debug|Any CPU.ActiveCfg = Debug|Any CPU
		{FB188205-C945-4E01-809D-974663231D40}.Debug|Any CPU.Build.0 = Debug|Any CPU
		{FB188205-C945-4E01-809D-974663231D40}.Release|Any CPU.ActiveCfg = Release|Any CPU
		{FB188205-C945-4E01-809D-974663231D40}.Release|Any CPU.Build.0 = Release|Any CPU
		{FB634D9F-5C0C-4BF4-BF3B-8B2A13919895}.Debug|Any CPU.ActiveCfg = Debug|Any CPU
		{FB634D9F-5C0C-4BF4-BF3B-8B2A13919895}.Debug|Any CPU.Build.0 = Debug|Any CPU
		{FB634D9F-5C0C-4BF4-BF3B-8B2A13919895}.Release|Any CPU.ActiveCfg = Release|Any CPU
		{FB634D9F-5C0C-4BF4-BF3B-8B2A13919895}.Release|Any CPU.Build.0 = Release|Any CPU
		{E56D016E-AF64-4215-99F3-B2A94CD34A18}.Debug|Any CPU.ActiveCfg = Release|Any CPU
		{E56D016E-AF64-4215-99F3-B2A94CD34A18}.Debug|Any CPU.Build.0 = Release|Any CPU
		{E56D016E-AF64-4215-99F3-B2A94CD34A18}.Release|Any CPU.ActiveCfg = Release|Any CPU
		{E56D016E-AF64-4215-99F3-B2A94CD34A18}.Release|Any CPU.Build.0 = Release|Any CPU
	EndGlobalSection
	GlobalSection(SolutionProperties) = preSolution
		HideSolutionNode = FALSE
	EndGlobalSection
	GlobalSection(ExtensibilityGlobals) = postSolution
		SolutionGuid = {A466DBD7-896E-4B58-A608-9F0AADBF6040}
	EndGlobalSection
EndGlobal
